{
  "name": "@zooduck/chatapotamus-p2p-chat-by-zooduck",
  "version": "0.0.5",
  "lockfileVersion": 3,
  "requires": true,
  "packages": {
    "": {
      "name": "@zooduck/chatapotamus-p2p-chat-by-zooduck",
      "version": "0.0.5",
      "license": "MIT",
      "dependencies": {
        "@zooduck/safe-dom-parser": "^0.0.1",
        "@zooduck/send-custom-event-mixin": "^0.0.1",
        "@zooduck/web-component-mixin": "^0.0.1"
      },
      "devDependencies": {
        "@zooduck/build-tools": "^0.0.3",
        "@zooduck/command-line-args": "^0.0.1",
        "@zooduck/simple-server": "^0.0.4"
      }
    },
    "node_modules/@zooduck/build-tools": {
      "version": "0.0.3",
      "resolved": "https://npm.pkg.github.com/download/@zooduck/build-tools/0.0.3/689b3ef0b570d5058e475b14401c660f258be1df",
      "integrity": "sha512-Krtw9WVbbRkuJvAbtudbhgxV9UKIshbE6xxuGKTmadGB2LwOG/TBkXLa1tRcJW5XEsIl3ZI8cjAE6mFbJCog1g==",
      "dev": true,
      "license": "MIT"
    },
    "node_modules/@zooduck/command-line-args": {
      "version": "0.0.1",
      "resolved": "https://npm.pkg.github.com/download/@zooduck/command-line-args/0.0.1/6c2b6f43bff7816b060b264b92a3f65602371144",
      "integrity": "sha512-pZoblpYDAgp5hBuO3O9DjxA04zzTDgspTG9dsrozaWOymwQ5FHqCdbCC3RXPCSb6z/6z6pDKGUz/ZMM8loxy+A==",
      "dev": true,
      "license": "MIT"
    },
    "node_modules/@zooduck/safe-dom-parser": {
      "version": "0.0.1",
      "resolved": "https://npm.pkg.github.com/download/@zooduck/safe-dom-parser/0.0.1/05ec87a6ef765b031253e6222c91fb5085bb78e0",
      "integrity": "sha512-P5oiUL2xhXu80gZ74qpi4LZ9LTOM/c16WTRdsu7p1Ga8nfgwXTiCoLEy+RNUuTCjiZI1SeBM8aCKisuXsLXTGQ==",
      "license": "MIT"
    },
    "node_modules/@zooduck/send-custom-event-mixin": {
      "version": "0.0.1",
      "resolved": "https://npm.pkg.github.com/download/@zooduck/send-custom-event-mixin/0.0.1/4d19be7308c7f97062c94e3325177c84f35944c6",
      "integrity": "sha512-S3NiMSc+0DSBj0I2KWrc/wpi3kpw9SXM2oQ7cFHtcrTOZzribclQxJHZfg3O83O5R3RJZ1JgaW63V1UD+Sk/MA==",
      "license": "MIT"
    },
    "node_modules/@zooduck/simple-server": {
      "version": "0.0.4",
      "resolved": "https://npm.pkg.github.com/download/@zooduck/simple-server/0.0.4/aa66ff2a81862e1f677f3259be4bc36bba38d445",
      "integrity": "sha512-LSNiGEO8l6383KjF5ONnGgvK8OR+U34+3iCYvXccMjIkzQ6jajTnKyxeVOew+eoF7Xe2L1VWGhYpCNBWgOQuBQ==",
      "dev": true,
      "license": "MIT"
    },
    "node_modules/@zooduck/web-component-mixin": {
      "version": "0.0.1",
      "resolved": "https://npm.pkg.github.com/download/@zooduck/web-component-mixin/0.0.1/827d8839af2d83b0cd009ffe41726038e98deb1a",
      "integrity": "sha512-IVOF+JVC4qrRXPMeKMtY4MA3vo0Ivng+F2d5EK2VCn7aTcM92EnZXKTxn4V42I3d/PGOg80Wxa/6xbYCA4zyNA==",
      "license": "MIT"
    }
  }
}
