{
  "name": "@zooduck/chatapotamus-p2p-chat-by-zooduck",
  "version": "0.0.4",
  "lockfileVersion": 3,
  "requires": true,
  "packages": {
    "": {
      "name": "@zooduck/chatapotamus-p2p-chat-by-zooduck",
      "version": "0.0.4",
      "license": "MIT",
      "dependencies": {
        "@zooduck/safe-dom-parser": "^0.0.1",
        "@zooduck/send-custom-event-mixin": "^0.0.1",
        "@zooduck/web-component-mixin": "^0.0.1"
      },
      "devDependencies": {
        "@zooduck/build-tools": "^0.0.1",
        "@zooduck/command-line-args": "^0.0.1",
        "@zooduck/simple-server": "^0.0.2"
      }
    },
    "node_modules/@zooduck/build-tools": {
      "version": "0.0.1",
      "resolved": "https://npm.pkg.github.com/download/@zooduck/build-tools/0.0.1/c17cfed5c84db24ea30782f63309b7ca4b0cbcb2",
      "integrity": "sha512-GTWb4GAtIFVmARxQuJjjPRjCzgsYrlHTdyWXjEqGYj6346474U6fpDbhK6mTRdcUl3l3h4goFC22dmgAETXvsA==",
      "dev": true,
      "license": "MIT"
    },
    "node_modules/@zooduck/command-line-args": {
      "version": "0.0.1",
      "resolved": "https://npm.pkg.github.com/download/@zooduck/command-line-args/0.0.1/6c2b6f43bff7816b060b264b92a3f65602371144",
      "integrity": "sha512-pZoblpYDAgp5hBuO3O9DjxA04zzTDgspTG9dsrozaWOymwQ5FHqCdbCC3RXPCSb6z/6z6pDKGUz/ZMM8loxy+A==",
      "dev": true,
      "license": "MIT"
    },
    "node_modules/@zooduck/safe-dom-parser": {
      "version": "0.0.1",
      "resolved": "https://npm.pkg.github.com/download/@zooduck/safe-dom-parser/0.0.1/2f6998b28b62594d6a8c4fae7e904187dfbdb1f2",
      "integrity": "sha512-NsVA17TaBXnpRi0J0wCzs3mTGetfz8zcD/MOVIklhzqAv9Z8MPvJLbtSYTksjDV/1ZkBDoqZl/g4MkpsH624WQ==",
      "license": "MIT"
    },
    "node_modules/@zooduck/send-custom-event-mixin": {
      "version": "0.0.1",
      "resolved": "https://npm.pkg.github.com/download/@zooduck/send-custom-event-mixin/0.0.1/4d19be7308c7f97062c94e3325177c84f35944c6",
      "integrity": "sha512-S3NiMSc+0DSBj0I2KWrc/wpi3kpw9SXM2oQ7cFHtcrTOZzribclQxJHZfg3O83O5R3RJZ1JgaW63V1UD+Sk/MA==",
      "license": "MIT"
    },
    "node_modules/@zooduck/simple-server": {
      "version": "0.0.2",
      "resolved": "https://npm.pkg.github.com/download/@zooduck/simple-server/0.0.2/d134656a8a74212e7a4c6a94fc5ba1d7ef63e142",
      "integrity": "sha512-RLAvQxsNFRF4Qi5cdhCDuHx65tnTMBFu4IZoQnIsaWvINe5t1lJC99gmFb3/+ZZNQuVGzJRx9GTfmsCWUn0o9Q==",
      "dev": true,
      "license": "MIT"
    },
    "node_modules/@zooduck/web-component-mixin": {
      "version": "0.0.1",
      "resolved": "https://npm.pkg.github.com/download/@zooduck/web-component-mixin/0.0.1/827d8839af2d83b0cd009ffe41726038e98deb1a",
      "integrity": "sha512-IVOF+JVC4qrRXPMeKMtY4MA3vo0Ivng+F2d5EK2VCn7aTcM92EnZXKTxn4V42I3d/PGOg80Wxa/6xbYCA4zyNA==",
      "license": "MIT"
    }
  }
}
