{
  "name": "@zooduck/chatapotamus-p2p-chat-by-zooduck",
  "version": "0.0.1",
  "lockfileVersion": 3,
  "requires": true,
  "packages": {
    "": {
      "name": "@zooduck/chatapotamus-p2p-chat-by-zooduck",
      "version": "0.0.1",
      "license": "MIT",
      "dependencies": {
        "@zooduck/safe-dom-parser": "^0.0.1",
        "@zooduck/send-custom-event-mixin": "^0.0.1",
        "@zooduck/web-component-mixin": "^0.0.1"
      },
      "devDependencies": {
        "@zooduck/build-tools": "^0.0.1",
        "@zooduck/command-line-args": "^0.0.1",
        "@zooduck/simple-server": "^0.0.1"
      }
    },
    "node_modules/@zooduck/build-tools": {
      "version": "0.0.1",
      "resolved": "https://npm.pkg.github.com/download/@zooduck/build-tools/0.0.1/dc934c3d179fefecdbfb8a9ab02641644371510a",
      "integrity": "sha512-rXjq3NG2q5JDyr42xlALsor+ec0NHTIMYsJOMAaJZ9qDsb5RJPvyX1cZP25Vs1RmUVtYWwyGTcxqZPB6rij0TA==",
      "dev": true,
      "license": "MIT"
    },
    "node_modules/@zooduck/command-line-args": {
      "version": "0.0.1",
      "resolved": "https://npm.pkg.github.com/download/@zooduck/command-line-args/0.0.1/d2beedbc283e0d578a017a41703f1da41407f44c",
      "integrity": "sha512-X5pzv2FXkuO9Pf8ydMGlI0zbOqHAKGVm1gOB6fABVY6l3riRtZVAmEhBCbZlTE13M/p0SF+x3fDWveXx7Wa9yA==",
      "dev": true,
      "license": "MIT"
    },
    "node_modules/@zooduck/safe-dom-parser": {
      "version": "0.0.1",
      "resolved": "https://npm.pkg.github.com/download/@zooduck/safe-dom-parser/0.0.1/b62ad47b47c43d2b6e5917b295cce192b91258c4",
      "integrity": "sha512-vTqjq8S/52uq251rKbo86tXlAITDuOFa1EsCuox2AE9oNh7vZyK1WP1NdG8NqKhBQ+QNTgiFOQVntiVWMRlEkQ==",
      "license": "MIT"
    },
    "node_modules/@zooduck/send-custom-event-mixin": {
      "version": "0.0.1",
      "resolved": "https://npm.pkg.github.com/download/@zooduck/send-custom-event-mixin/0.0.1/37167a839f7ce9448fc89921a9fff8c3563a5e29",
      "integrity": "sha512-+/88H2pyI/BPusyzO1APJooZI1MQFbMoACwxuT39t/8mKdIn911AN48kHbhJWxjoqO02Beth2JeWTKCpLaJCCw==",
      "license": "MIT"
    },
    "node_modules/@zooduck/simple-server": {
      "version": "0.0.1",
      "resolved": "https://npm.pkg.github.com/download/@zooduck/simple-server/0.0.1/2fc4cbbaa059a8f979f5a431c00f664a61c919d2",
      "integrity": "sha512-G5pVC18mhfF1TBohnO+thYfOUsfUKMx154VKn3NRMJRdPaKTUqqY/nyt3/Twq96UpOmbJpCi8vHDJwhTwWPmCA==",
      "dev": true,
      "license": "MIT"
    },
    "node_modules/@zooduck/web-component-mixin": {
      "version": "0.0.1",
      "resolved": "https://npm.pkg.github.com/download/@zooduck/web-component-mixin/0.0.1/279647a400e6f7f2d467bf8b220e44ac18b188bc",
      "integrity": "sha512-Xo3gl1O5/onLGgM1kWlHjNbL3LxCnChQnKAu7L9gxqdwLKRJpM4YkSYWv/PkIeTDtVDyH4ALZLRhFkU8n2iWqQ==",
      "license": "MIT"
    }
  }
}
